
Microsoft Visual Studio Solution File, Format Version 12.00
# Visual Studio Version 17
VisualStudioVersion = 17.4.33403.182
MinimumVisualStudioVersion = 10.0.40219.1
Project("{FAE04EC0-301F-11D3-BF4B-00C04F79EFBC}") = "KT0720_62130808", "KT0720_62130808.csproj", "{2ECF2600-5373-46E3-92E0-98F11DA507CE}"
EndProject
Global
	GlobalSection(SolutionConfigurationPlatforms) = preSolution
		Debug|Any CPU = Debug|Any CPU
		Release|Any CPU = Release|Any CPU
	EndGlobalSection
	GlobalSection(ProjectConfigurationPlatforms) = postSolution
		{2ECF2600-5373-46E3-92E0-98F11DA507CE}.Debug|Any CPU.ActiveCfg = Debug|Any CPU
		{2ECF2600-5373-46E3-92E0-98F11DA507CE}.Debug|Any CPU.Build.0 = Debug|Any CPU
		{2ECF2600-5373-46E3-92E0-98F11DA507CE}.Release|Any CPU.ActiveCfg = Release|Any CPU
		{2ECF2600-5373-46E3-92E0-98F11DA507CE}.Release|Any CPU.Build.0 = Release|Any CPU
	EndGlobalSection
	GlobalSection(SolutionProperties) = preSolution
		HideSolutionNode = FALSE
	EndGlobalSection
	GlobalSection(ExtensibilityGlobals) = postSolution
		SolutionGuid = {AAA6A470-398E-43D4-8A27-8FFC38A3EF16}
	EndGlobalSection
EndGlobal
