
Microsoft Visual Studio Solution File, Format Version 12.00
# Visual Studio Version 17
VisualStudioVersion = 17.4.33403.182
MinimumVisualStudioVersion = 10.0.40219.1
Project("{FAE04EC0-301F-11D3-BF4B-00C04F79EFBC}") = "BaiTap5_62130808", "BaiTap5_62130808.csproj", "{4C328364-1D87-4D7F-95F1-DC53C52CE92A}"
EndProject
Global
	GlobalSection(SolutionConfigurationPlatforms) = preSolution
		Debug|Any CPU = Debug|Any CPU
		Release|Any CPU = Release|Any CPU
	EndGlobalSection
	GlobalSection(ProjectConfigurationPlatforms) = postSolution
		{4C328364-1D87-4D7F-95F1-DC53C52CE92A}.Debug|Any CPU.ActiveCfg = Debug|Any CPU
		{4C328364-1D87-4D7F-95F1-DC53C52CE92A}.Debug|Any CPU.Build.0 = Debug|Any CPU
		{4C328364-1D87-4D7F-95F1-DC53C52CE92A}.Release|Any CPU.ActiveCfg = Release|Any CPU
		{4C328364-1D87-4D7F-95F1-DC53C52CE92A}.Release|Any CPU.Build.0 = Release|Any CPU
	EndGlobalSection
	GlobalSection(SolutionProperties) = preSolution
		HideSolutionNode = FALSE
	EndGlobalSection
	GlobalSection(ExtensibilityGlobals) = postSolution
		SolutionGuid = {3F34EA8D-C8F1-402B-B76A-582A52DE7159}
	EndGlobalSection
EndGlobal
