
Microsoft Visual Studio Solution File, Format Version 12.00
# Visual Studio Version 17
VisualStudioVersion = 17.4.33403.182
MinimumVisualStudioVersion = 10.0.40219.1
Project("{FAE04EC0-301F-11D3-BF4B-00C04F79EFBC}") = "BaiMau_62130808", "BaiMau_62130808.csproj", "{B863CF1B-5F0D-4039-8FB6-A4C285ADE3A0}"
EndProject
Global
	GlobalSection(SolutionConfigurationPlatforms) = preSolution
		Debug|Any CPU = Debug|Any CPU
		Release|Any CPU = Release|Any CPU
	EndGlobalSection
	GlobalSection(ProjectConfigurationPlatforms) = postSolution
		{B863CF1B-5F0D-4039-8FB6-A4C285ADE3A0}.Debug|Any CPU.ActiveCfg = Debug|Any CPU
		{B863CF1B-5F0D-4039-8FB6-A4C285ADE3A0}.Debug|Any CPU.Build.0 = Debug|Any CPU
		{B863CF1B-5F0D-4039-8FB6-A4C285ADE3A0}.Release|Any CPU.ActiveCfg = Release|Any CPU
		{B863CF1B-5F0D-4039-8FB6-A4C285ADE3A0}.Release|Any CPU.Build.0 = Release|Any CPU
	EndGlobalSection
	GlobalSection(SolutionProperties) = preSolution
		HideSolutionNode = FALSE
	EndGlobalSection
	GlobalSection(ExtensibilityGlobals) = postSolution
		SolutionGuid = {FA007273-5711-45A4-A81C-ED2A8D62E341}
	EndGlobalSection
EndGlobal
